
Microsoft Visual Studio Solution File, Format Version 12.00
# Visual Studio Version 17
VisualStudioVersion = 17.5.33516.290
MinimumVisualStudioVersion = 10.0.40219.1
Project("{FAE04EC0-301F-11D3-BF4B-00C04F79EFBC}") = "WebDriverStart", "WebDriverStart\WebDriverStart.csproj", "{57FC35BF-8811-4265-AC52-01BCDF4F869F}"
EndProject
Global
	GlobalSection(SolutionConfigurationPlatforms) = preSolution
		Debug|Any CPU = Debug|Any CPU
		Release|Any CPU = Release|Any CPU
	EndGlobalSection
	GlobalSection(ProjectConfigurationPlatforms) = postSolution
		{57FC35BF-8811-4265-AC52-01BCDF4F869F}.Debug|Any CPU.ActiveCfg = Debug|Any CPU
		{57FC35BF-8811-4265-AC52-01BCDF4F869F}.Debug|Any CPU.Build.0 = Debug|Any CPU
		{57FC35BF-8811-4265-AC52-01BCDF4F869F}.Release|Any CPU.ActiveCfg = Release|Any CPU
		{57FC35BF-8811-4265-AC52-01BCDF4F869F}.Release|Any CPU.Build.0 = Release|Any CPU
	EndGlobalSection
	GlobalSection(SolutionProperties) = preSolution
		HideSolutionNode = FALSE
	EndGlobalSection
	GlobalSection(ExtensibilityGlobals) = postSolution
		SolutionGuid = {ED3D9F8B-0536-47F3-9E2F-EC223E520044}
	EndGlobalSection
EndGlobal
